
Microsoft Visual Studio Solution File, Format Version 12.00
# Visual Studio Version 17
VisualStudioVersion = 17.8.34511.84
MinimumVisualStudioVersion = 10.0.40219.1
Project("{2150E333-8FDC-42A3-9474-1A3956D46DE8}") = "src", "src", "{5862430A-4154-4351-B632-9401474023E7}"
EndProject
Project("{2150E333-8FDC-42A3-9474-1A3956D46DE8}") = "Building Blocks", "Building Blocks", "{A6A8F5DC-DA99-43D8-A296-DC1A5BC3B54E}"
EndProject
Project("{2150E333-8FDC-42A3-9474-1A3956D46DE8}") = "Services", "Services", "{76621A06-2336-47F2-9146-0FB3C402F365}"
EndProject
Project("{2150E333-8FDC-42A3-9474-1A3956D46DE8}") = "Web", "Web", "{14F47E4C-0E51-4D04-97BD-584FBCD3B1E8}"
EndProject
Project("{2150E333-8FDC-42A3-9474-1A3956D46DE8}") = "Identidade", "Identidade", "{0AE4CEB7-4A73-45C3-B597-94ACD28C9D6C}"
EndProject
Project("{2150E333-8FDC-42A3-9474-1A3956D46DE8}") = "MVC", "MVC", "{54B549AE-900B-4BE0-85CE-6340648E62AE}"
EndProject
Project("{2150E333-8FDC-42A3-9474-1A3956D46DE8}") = "Core", "Core", "{93959B6A-C79E-4617-A267-423747E0AA40}"
EndProject
Project("{9A19103F-16F7-4668-BE54-9A1E7A4F7556}") = "NSE.Identidade.API", "src\services\NSE.Identidade.API\NSE.Identidade.API.csproj", "{BDF62B9F-670D-4D60-BF97-872F2EC953C0}"
EndProject
Project("{FAE04EC0-301F-11D3-BF4B-00C04F79EFBC}") = "NSE.WebApplication.MVC", "src\web\NSE.WebApplication.MVC\NSE.WebApplication.MVC.csproj", "{3F139F71-A242-4C8B-91BE-2A361F6C8B7D}"
EndProject
Project("{FAE04EC0-301F-11D3-BF4B-00C04F79EFBC}") = "NSE.Core", "src\building blocks\NSE.Core\NSE.Core.csproj", "{965AAB14-4642-4C46-B541-E74B95F1D152}"
EndProject
Global
	GlobalSection(SolutionConfigurationPlatforms) = preSolution
		Debug|Any CPU = Debug|Any CPU
		Release|Any CPU = Release|Any CPU
	EndGlobalSection
	GlobalSection(ProjectConfigurationPlatforms) = postSolution
		{BDF62B9F-670D-4D60-BF97-872F2EC953C0}.Debug|Any CPU.ActiveCfg = Debug|Any CPU
		{BDF62B9F-670D-4D60-BF97-872F2EC953C0}.Debug|Any CPU.Build.0 = Debug|Any CPU
		{BDF62B9F-670D-4D60-BF97-872F2EC953C0}.Release|Any CPU.ActiveCfg = Release|Any CPU
		{BDF62B9F-670D-4D60-BF97-872F2EC953C0}.Release|Any CPU.Build.0 = Release|Any CPU
		{3F139F71-A242-4C8B-91BE-2A361F6C8B7D}.Debug|Any CPU.ActiveCfg = Debug|Any CPU
		{3F139F71-A242-4C8B-91BE-2A361F6C8B7D}.Debug|Any CPU.Build.0 = Debug|Any CPU
		{3F139F71-A242-4C8B-91BE-2A361F6C8B7D}.Release|Any CPU.ActiveCfg = Release|Any CPU
		{3F139F71-A242-4C8B-91BE-2A361F6C8B7D}.Release|Any CPU.Build.0 = Release|Any CPU
		{965AAB14-4642-4C46-B541-E74B95F1D152}.Debug|Any CPU.ActiveCfg = Debug|Any CPU
		{965AAB14-4642-4C46-B541-E74B95F1D152}.Debug|Any CPU.Build.0 = Debug|Any CPU
		{965AAB14-4642-4C46-B541-E74B95F1D152}.Release|Any CPU.ActiveCfg = Release|Any CPU
		{965AAB14-4642-4C46-B541-E74B95F1D152}.Release|Any CPU.Build.0 = Release|Any CPU
	EndGlobalSection
	GlobalSection(SolutionProperties) = preSolution
		HideSolutionNode = FALSE
	EndGlobalSection
	GlobalSection(NestedProjects) = preSolution
		{A6A8F5DC-DA99-43D8-A296-DC1A5BC3B54E} = {5862430A-4154-4351-B632-9401474023E7}
		{76621A06-2336-47F2-9146-0FB3C402F365} = {5862430A-4154-4351-B632-9401474023E7}
		{14F47E4C-0E51-4D04-97BD-584FBCD3B1E8} = {5862430A-4154-4351-B632-9401474023E7}
		{0AE4CEB7-4A73-45C3-B597-94ACD28C9D6C} = {76621A06-2336-47F2-9146-0FB3C402F365}
		{54B549AE-900B-4BE0-85CE-6340648E62AE} = {14F47E4C-0E51-4D04-97BD-584FBCD3B1E8}
		{93959B6A-C79E-4617-A267-423747E0AA40} = {A6A8F5DC-DA99-43D8-A296-DC1A5BC3B54E}
		{BDF62B9F-670D-4D60-BF97-872F2EC953C0} = {0AE4CEB7-4A73-45C3-B597-94ACD28C9D6C}
		{3F139F71-A242-4C8B-91BE-2A361F6C8B7D} = {54B549AE-900B-4BE0-85CE-6340648E62AE}
		{965AAB14-4642-4C46-B541-E74B95F1D152} = {93959B6A-C79E-4617-A267-423747E0AA40}
	EndGlobalSection
	GlobalSection(ExtensibilityGlobals) = postSolution
		SolutionGuid = {60763550-18D0-41ED-9A71-59A5D2011E09}
	EndGlobalSection
EndGlobal
